// !$*UTF8*$!
{
	archiveVersion = 1;
	classes = {
	};
	objectVersion = 55;
	objects = {

/* Begin PBXBuildFile section */
		AC394564285707B400B4B8D7 /* Constant.swift in Sources */ = {isa = PBXBuildFile; fileRef = AC394563285707B400B4B8D7 /* Constant.swift */; };
		AC39456628571DB200B4B8D7 /* Binding.swift in Sources */ = {isa = PBXBuildFile; fileRef = AC39456528571DB200B4B8D7 /* Binding.swift */; };
		AC44BD1F2850B49B004A8C2A /* AppDelegate.swift in Sources */ = {isa = PBXBuildFile; fileRef = AC44BD1E2850B49B004A8C2A /* AppDelegate.swift */; };
		AC44BD212850B49B004A8C2A /* SceneDelegate.swift in Sources */ = {isa = PBXBuildFile; fileRef = AC44BD202850B49B004A8C2A /* SceneDelegate.swift */; };
		AC44BD232850B49B004A8C2A /* LoginViewController.swift in Sources */ = {isa = PBXBuildFile; fileRef = AC44BD222850B49B004A8C2A /* LoginViewController.swift */; };
		AC44BD262850B49B004A8C2A /* Main.storyboard in Resources */ = {isa = PBXBuildFile; fileRef = AC44BD242850B49B004A8C2A /* Main.storyboard */; };
		AC44BD282850B49E004A8C2A /* Assets.xcassets in Resources */ = {isa = PBXBuildFile; fileRef = AC44BD272850B49E004A8C2A /* Assets.xcassets */; };
		AC44BD2B2850B49E004A8C2A /* LaunchScreen.storyboard in Resources */ = {isa = PBXBuildFile; fileRef = AC44BD292850B49E004A8C2A /* LaunchScreen.storyboard */; };
		AC44BD382850B568004A8C2A /* LoginViewModel.swift in Sources */ = {isa = PBXBuildFile; fileRef = AC44BD372850B568004A8C2A /* LoginViewModel.swift */; };
		AC44BD3C2850CDE7004A8C2A /* UIButton+extension.swift in Sources */ = {isa = PBXBuildFile; fileRef = AC44BD3B2850CDE7004A8C2A /* UIButton+extension.swift */; };
		AC4825A528530DE4008B593F /* Alert.swift in Sources */ = {isa = PBXBuildFile; fileRef = AC4825A428530DE4008B593F /* Alert.swift */; };
		AC4825AA28532CF5008B593F /* HistoryViewModelCell.swift in Sources */ = {isa = PBXBuildFile; fileRef = AC4825A928532CF5008B593F /* HistoryViewModelCell.swift */; };
		AC4825AD28532D15008B593F /* HistoryTableViewCell.swift in Sources */ = {isa = PBXBuildFile; fileRef = AC4825AB28532D15008B593F /* HistoryTableViewCell.swift */; };
		AC4825AE28532D15008B593F /* HistoryTableViewCell.xib in Resources */ = {isa = PBXBuildFile; fileRef = AC4825AC28532D15008B593F /* HistoryTableViewCell.xib */; };
		AC5026CF285B0B64006DC13B /* RegisterViewModel.swift in Sources */ = {isa = PBXBuildFile; fileRef = AC5026CE285B0B64006DC13B /* RegisterViewModel.swift */; };
		AC5026D1285B0B7F006DC13B /* RegisterViewController.swift in Sources */ = {isa = PBXBuildFile; fileRef = AC5026D0285B0B7F006DC13B /* RegisterViewController.swift */; };
		AC5041F9285869FA00B52B59 /* SelectDirectViewController.swift in Sources */ = {isa = PBXBuildFile; fileRef = AC5041F8285869FA00B52B59 /* SelectDirectViewController.swift */; };
		AC5041FB28586A1100B52B59 /* SelectDirectViewModel.swift in Sources */ = {isa = PBXBuildFile; fileRef = AC5041FA28586A1100B52B59 /* SelectDirectViewModel.swift */; };
		AC50420028587C4C00B52B59 /* DataTripViewModelCell.swift in Sources */ = {isa = PBXBuildFile; fileRef = AC5041FF28587C4C00B52B59 /* DataTripViewModelCell.swift */; };
		AC50420328587C7500B52B59 /* DataTripTableViewCell.swift in Sources */ = {isa = PBXBuildFile; fileRef = AC50420128587C7500B52B59 /* DataTripTableViewCell.swift */; };
		AC50420428587C7500B52B59 /* DataTripTableViewCell.xib in Resources */ = {isa = PBXBuildFile; fileRef = AC50420228587C7500B52B59 /* DataTripTableViewCell.xib */; };
		AC5042072858935400B52B59 /* Sity.swift in Sources */ = {isa = PBXBuildFile; fileRef = AC5042062858935400B52B59 /* Sity.swift */; };
		AC50420C2858963200B52B59 /* SelectCityViewModel.swift in Sources */ = {isa = PBXBuildFile; fileRef = AC50420B2858963200B52B59 /* SelectCityViewModel.swift */; };
		AC50420E2858964E00B52B59 /* SelectCityViewController.swift in Sources */ = {isa = PBXBuildFile; fileRef = AC50420D2858964E00B52B59 /* SelectCityViewController.swift */; };
		AC5042142858A94A00B52B59 /* SelecStaitionViewModel.swift in Sources */ = {isa = PBXBuildFile; fileRef = AC5042132858A94A00B52B59 /* SelecStaitionViewModel.swift */; };
		AC5042162858A96100B52B59 /* SelectStaitionViewController.swift in Sources */ = {isa = PBXBuildFile; fileRef = AC5042152858A96100B52B59 /* SelectStaitionViewController.swift */; };
		AC5C7D0F2853681300D0885C /* DateFormatter.swift in Sources */ = {isa = PBXBuildFile; fileRef = AC5C7D0E2853681300D0885C /* DateFormatter.swift */; };
		AC607E202851D8F000B9C878 /* User.swift in Sources */ = {isa = PBXBuildFile; fileRef = AC607E1F2851D8F000B9C878 /* User.swift */; };
		AC607E232851D98900B9C878 /* StorageManager.swift in Sources */ = {isa = PBXBuildFile; fileRef = AC607E222851D98900B9C878 /* StorageManager.swift */; };
		AC607E252851DD6900B9C878 /* UIViewController+extension.swift in Sources */ = {isa = PBXBuildFile; fileRef = AC607E242851DD6900B9C878 /* UIViewController+extension.swift */; };
		AC607E272851E4FD00B9C878 /* Trip.swift in Sources */ = {isa = PBXBuildFile; fileRef = AC607E262851E4FD00B9C878 /* Trip.swift */; };
		AC607E2F2851E85100B9C878 /* HistoryTripViewModel.swift in Sources */ = {isa = PBXBuildFile; fileRef = AC607E2E2851E85100B9C878 /* HistoryTripViewModel.swift */; };
		AC607E312851E8A400B9C878 /* HistoryTripViewController.swift in Sources */ = {isa = PBXBuildFile; fileRef = AC607E302851E8A400B9C878 /* HistoryTripViewController.swift */; };
		AC607E332851F9A800B9C878 /* OrderViewController.swift in Sources */ = {isa = PBXBuildFile; fileRef = AC607E322851F9A800B9C878 /* OrderViewController.swift */; };
		AC607E352851F9B900B9C878 /* OrderViewModel.swift in Sources */ = {isa = PBXBuildFile; fileRef = AC607E342851F9B900B9C878 /* OrderViewModel.swift */; };
		AC607E3A2851FA9E00B9C878 /* SettingViewModel.swift in Sources */ = {isa = PBXBuildFile; fileRef = AC607E392851FA9E00B9C878 /* SettingViewModel.swift */; };
		AC607E3C2851FAE900B9C878 /* AccountViewController.swift in Sources */ = {isa = PBXBuildFile; fileRef = AC607E3B2851FAE900B9C878 /* AccountViewController.swift */; };
		AC607E402852081B00B9C878 /* TabBarViewController.swift in Sources */ = {isa = PBXBuildFile; fileRef = AC607E3F2852081B00B9C878 /* TabBarViewController.swift */; };
		AC877B3A285C564E005B3BF1 /* UITextField+extension.swift in Sources */ = {isa = PBXBuildFile; fileRef = AC877B39285C564E005B3BF1 /* UITextField+extension.swift */; };
		ACEC11BB2859AE5D005641AC /* SelectDateViewController.swift in Sources */ = {isa = PBXBuildFile; fileRef = ACEC11BA2859AE5D005641AC /* SelectDateViewController.swift */; };
		ACEC11BD2859AE77005641AC /* SelectDateViewModel.swift in Sources */ = {isa = PBXBuildFile; fileRef = ACEC11BC2859AE77005641AC /* SelectDateViewModel.swift */; };
		ACEC11C32859E94F005641AC /* TimeCollectionViewCell.swift in Sources */ = {isa = PBXBuildFile; fileRef = ACEC11C12859E94F005641AC /* TimeCollectionViewCell.swift */; };
		ACEC11C42859E94F005641AC /* TimeCollectionViewCell.xib in Resources */ = {isa = PBXBuildFile; fileRef = ACEC11C22859E94F005641AC /* TimeCollectionViewCell.xib */; };
		ACEC11C62859E9A7005641AC /* TimeViewModel.swift in Sources */ = {isa = PBXBuildFile; fileRef = ACEC11C52859E9A7005641AC /* TimeViewModel.swift */; };
		ACEC11C92859EB72005641AC /* Time.swift in Sources */ = {isa = PBXBuildFile; fileRef = ACEC11C82859EB72005641AC /* Time.swift */; };
/* End PBXBuildFile section */

/* Begin PBXFileReference section */
		AC394563285707B400B4B8D7 /* Constant.swift */ = {isa = PBXFileReference; lastKnownFileType = sourcecode.swift; path = Constant.swift; sourceTree = "<group>"; };
		AC39456528571DB200B4B8D7 /* Binding.swift */ = {isa = PBXFileReference; lastKnownFileType = sourcecode.swift; path = Binding.swift; sourceTree = "<group>"; };
		AC44BD1B2850B49B004A8C2A /* TripApp.app */ = {isa = PBXFileReference; explicitFileType = wrapper.application; includeInIndex = 0; path = TripApp.app; sourceTree = BUILT_PRODUCTS_DIR; };
		AC44BD1E2850B49B004A8C2A /* AppDelegate.swift */ = {isa = PBXFileReference; lastKnownFileType = sourcecode.swift; path = AppDelegate.swift; sourceTree = "<group>"; };
		AC44BD202850B49B004A8C2A /* SceneDelegate.swift */ = {isa = PBXFileReference; lastKnownFileType = sourcecode.swift; path = SceneDelegate.swift; sourceTree = "<group>"; };
		AC44BD222850B49B004A8C2A /* LoginViewController.swift */ = {isa = PBXFileReference; lastKnownFileType = sourcecode.swift; path = LoginViewController.swift; sourceTree = "<group>"; };
		AC44BD252850B49B004A8C2A /* Base */ = {isa = PBXFileReference; lastKnownFileType = file.storyboard; name = Base; path = Base.lproj/Main.storyboard; sourceTree = "<group>"; };
		AC44BD272850B49E004A8C2A /* Assets.xcassets */ = {isa = PBXFileReference; lastKnownFileType = folder.assetcatalog; path = Assets.xcassets; sourceTree = "<group>"; };
		AC44BD2A2850B49E004A8C2A /* Base */ = {isa = PBXFileReference; lastKnownFileType = file.storyboard; name = Base; path = Base.lproj/LaunchScreen.storyboard; sourceTree = "<group>"; };
		AC44BD2C2850B49E004A8C2A /* Info.plist */ = {isa = PBXFileReference; lastKnownFileType = text.plist.xml; path = Info.plist; sourceTree = "<group>"; };
		AC44BD372850B568004A8C2A /* LoginViewModel.swift */ = {isa = PBXFileReference; lastKnownFileType = sourcecode.swift; path = LoginViewModel.swift; sourceTree = "<group>"; };
		AC44BD3B2850CDE7004A8C2A /* UIButton+extension.swift */ = {isa = PBXFileReference; lastKnownFileType = sourcecode.swift; path = "UIButton+extension.swift"; sourceTree = "<group>"; };
		AC4825A428530DE4008B593F /* Alert.swift */ = {isa = PBXFileReference; lastKnownFileType = sourcecode.swift; path = Alert.swift; sourceTree = "<group>"; };
		AC4825A928532CF5008B593F /* HistoryViewModelCell.swift */ = {isa = PBXFileReference; lastKnownFileType = sourcecode.swift; path = HistoryViewModelCell.swift; sourceTree = "<group>"; };
		AC4825AB28532D15008B593F /* HistoryTableViewCell.swift */ = {isa = PBXFileReference; lastKnownFileType = sourcecode.swift; path = HistoryTableViewCell.swift; sourceTree = "<group>"; };
		AC4825AC28532D15008B593F /* HistoryTableViewCell.xib */ = {isa = PBXFileReference; lastKnownFileType = file.xib; path = HistoryTableViewCell.xib; sourceTree = "<group>"; };
		AC5026CE285B0B64006DC13B /* RegisterViewModel.swift */ = {isa = PBXFileReference; lastKnownFileType = sourcecode.swift; path = RegisterViewModel.swift; sourceTree = "<group>"; };
		AC5026D0285B0B7F006DC13B /* RegisterViewController.swift */ = {isa = PBXFileReference; lastKnownFileType = sourcecode.swift; path = RegisterViewController.swift; sourceTree = "<group>"; };
		AC5041F8285869FA00B52B59 /* SelectDirectViewController.swift */ = {isa = PBXFileReference; lastKnownFileType = sourcecode.swift; path = SelectDirectViewController.swift; sourceTree = "<group>"; };
		AC5041FA28586A1100B52B59 /* SelectDirectViewModel.swift */ = {isa = PBXFileReference; lastKnownFileType = sourcecode.swift; path = SelectDirectViewModel.swift; sourceTree = "<group>"; };
		AC5041FF28587C4C00B52B59 /* DataTripViewModelCell.swift */ = {isa = PBXFileReference; lastKnownFileType = sourcecode.swift; path = DataTripViewModelCell.swift; sourceTree = "<group>"; };
		AC50420128587C7500B52B59 /* DataTripTableViewCell.swift */ = {isa = PBXFileReference; lastKnownFileType = sourcecode.swift; path = DataTripTableViewCell.swift; sourceTree = "<group>"; };
		AC50420228587C7500B52B59 /* DataTripTableViewCell.xib */ = {isa = PBXFileReference; lastKnownFileType = file.xib; path = DataTripTableViewCell.xib; sourceTree = "<group>"; };
		AC5042062858935400B52B59 /* Sity.swift */ = {isa = PBXFileReference; lastKnownFileType = sourcecode.swift; path = Sity.swift; sourceTree = "<group>"; };
		AC50420B2858963200B52B59 /* SelectCityViewModel.swift */ = {isa = PBXFileReference; lastKnownFileType = sourcecode.swift; path = SelectCityViewModel.swift; sourceTree = "<group>"; };
		AC50420D2858964E00B52B59 /* SelectCityViewController.swift */ = {isa = PBXFileReference; lastKnownFileType = sourcecode.swift; path = SelectCityViewController.swift; sourceTree = "<group>"; };
		AC5042132858A94A00B52B59 /* SelecStaitionViewModel.swift */ = {isa = PBXFileReference; lastKnownFileType = sourcecode.swift; path = SelecStaitionViewModel.swift; sourceTree = "<group>"; };
		AC5042152858A96100B52B59 /* SelectStaitionViewController.swift */ = {isa = PBXFileReference; lastKnownFileType = sourcecode.swift; path = SelectStaitionViewController.swift; sourceTree = "<group>"; };
		AC5C7D0E2853681300D0885C /* DateFormatter.swift */ = {isa = PBXFileReference; lastKnownFileType = sourcecode.swift; path = DateFormatter.swift; sourceTree = "<group>"; };
		AC607E1F2851D8F000B9C878 /* User.swift */ = {isa = PBXFileReference; lastKnownFileType = sourcecode.swift; path = User.swift; sourceTree = "<group>"; };
		AC607E222851D98900B9C878 /* StorageManager.swift */ = {isa = PBXFileReference; lastKnownFileType = sourcecode.swift; path = StorageManager.swift; sourceTree = "<group>"; };
		AC607E242851DD6900B9C878 /* UIViewController+extension.swift */ = {isa = PBXFileReference; lastKnownFileType = sourcecode.swift; path = "UIViewController+extension.swift"; sourceTree = "<group>"; };
		AC607E262851E4FD00B9C878 /* Trip.swift */ = {isa = PBXFileReference; lastKnownFileType = sourcecode.swift; path = Trip.swift; sourceTree = "<group>"; };
		AC607E2E2851E85100B9C878 /* HistoryTripViewModel.swift */ = {isa = PBXFileReference; lastKnownFileType = sourcecode.swift; path = HistoryTripViewModel.swift; sourceTree = "<group>"; };
		AC607E302851E8A400B9C878 /* HistoryTripViewController.swift */ = {isa = PBXFileReference; lastKnownFileType = sourcecode.swift; path = HistoryTripViewController.swift; sourceTree = "<group>"; };
		AC607E322851F9A800B9C878 /* OrderViewController.swift */ = {isa = PBXFileReference; lastKnownFileType = sourcecode.swift; path = OrderViewController.swift; sourceTree = "<group>"; };
		AC607E342851F9B900B9C878 /* OrderViewModel.swift */ = {isa = PBXFileReference; lastKnownFileType = sourcecode.swift; path = OrderViewModel.swift; sourceTree = "<group>"; };
		AC607E392851FA9E00B9C878 /* SettingViewModel.swift */ = {isa = PBXFileReference; lastKnownFileType = sourcecode.swift; path = SettingViewModel.swift; sourceTree = "<group>"; };
		AC607E3B2851FAE900B9C878 /* AccountViewController.swift */ = {isa = PBXFileReference; lastKnownFileType = sourcecode.swift; path = AccountViewController.swift; sourceTree = "<group>"; };
		AC607E3F2852081B00B9C878 /* TabBarViewController.swift */ = {isa = PBXFileReference; lastKnownFileType = sourcecode.swift; path = TabBarViewController.swift; sourceTree = "<group>"; };
		AC877B39285C564E005B3BF1 /* UITextField+extension.swift */ = {isa = PBXFileReference; lastKnownFileType = sourcecode.swift; path = "UITextField+extension.swift"; sourceTree = "<group>"; };
		ACEC11BA2859AE5D005641AC /* SelectDateViewController.swift */ = {isa = PBXFileReference; lastKnownFileType = sourcecode.swift; path = SelectDateViewController.swift; sourceTree = "<group>"; };
		ACEC11BC2859AE77005641AC /* SelectDateViewModel.swift */ = {isa = PBXFileReference; lastKnownFileType = sourcecode.swift; path = SelectDateViewModel.swift; sourceTree = "<group>"; };
		ACEC11C12859E94F005641AC /* TimeCollectionViewCell.swift */ = {isa = PBXFileReference; lastKnownFileType = sourcecode.swift; path = TimeCollectionViewCell.swift; sourceTree = "<group>"; };
		ACEC11C22859E94F005641AC /* TimeCollectionViewCell.xib */ = {isa = PBXFileReference; lastKnownFileType = file.xib; path = TimeCollectionViewCell.xib; sourceTree = "<group>"; };
		ACEC11C52859E9A7005641AC /* TimeViewModel.swift */ = {isa = PBXFileReference; lastKnownFileType = sourcecode.swift; path = TimeViewModel.swift; sourceTree = "<group>"; };
		ACEC11C82859EB72005641AC /* Time.swift */ = {isa = PBXFileReference; lastKnownFileType = sourcecode.swift; path = Time.swift; sourceTree = "<group>"; };
/* End PBXFileReference section */

/* Begin PBXFrameworksBuildPhase section */
		AC44BD182850B49B004A8C2A /* Frameworks */ = {
			isa = PBXFrameworksBuildPhase;
			buildActionMask = 2147483647;
			files = (
			);
			runOnlyForDeploymentPostprocessing = 0;
		};
/* End PBXFrameworksBuildPhase section */

/* Begin PBXGroup section */
		AC44BD122850B49B004A8C2A = {
			isa = PBXGroup;
			children = (
				AC44BD1D2850B49B004A8C2A /* TripApp */,
				AC44BD1C2850B49B004A8C2A /* Products */,
			);
			sourceTree = "<group>";
		};
		AC44BD1C2850B49B004A8C2A /* Products */ = {
			isa = PBXGroup;
			children = (
				AC44BD1B2850B49B004A8C2A /* TripApp.app */,
			);
			name = Products;
			sourceTree = "<group>";
		};
		AC44BD1D2850B49B004A8C2A /* TripApp */ = {
			isa = PBXGroup;
			children = (
				AC877B3B285C6CA6005B3BF1 /* AboutUs */,
				AC5C7D0C285367FA00D0885C /* DateFormatter */,
				AC44BD322850B4D9004A8C2A /* App */,
				AC4825A328530DBB008B593F /* Helpers */,
				AC504208285895FC00B52B59 /* SelectCity */,
				AC50420F2858A83000B52B59 /* SelectStaition */,
				ACEC11B72859AE30005641AC /* SelectDate */,
				AC607E3D285207DE00B9C878 /* BarController */,
				AC44BD3A2850CDC3004A8C2A /* Extensions */,
				AC44BD342850B532004A8C2A /* Login */,
				AC5026CB285B0B32006DC13B /* Register */,
				AC607E282851E7D700B9C878 /* Order */,
				AC5041F5285869AA00B52B59 /* SelectDirect */,
				AC607E2B2851E80800B9C878 /* HistoryTrip */,
				AC607E362851FA5C00B9C878 /* Account */,
				AC607E212851D96D00B9C878 /* StorageManager */,
				AC44BD242850B49B004A8C2A /* Main.storyboard */,
				AC44BD332850B4E6004A8C2A /* Resource */,
				AC44BD2C2850B49E004A8C2A /* Info.plist */,
			);
			path = TripApp;
			sourceTree = "<group>";
		};
		AC44BD322850B4D9004A8C2A /* App */ = {
			isa = PBXGroup;
			children = (
				AC44BD292850B49E004A8C2A /* LaunchScreen.storyboard */,
				AC44BD1E2850B49B004A8C2A /* AppDelegate.swift */,
				AC44BD202850B49B004A8C2A /* SceneDelegate.swift */,
			);
			path = App;
			sourceTree = "<group>";
		};
		AC44BD332850B4E6004A8C2A /* Resource */ = {
			isa = PBXGroup;
			children = (
				AC44BD272850B49E004A8C2A /* Assets.xcassets */,
			);
			path = Resource;
			sourceTree = "<group>";
		};
		AC44BD342850B532004A8C2A /* Login */ = {
			isa = PBXGroup;
			children = (
				AC44BD392850B98F004A8C2A /* Model */,
				AC44BD362850B54F004A8C2A /* LoginViewModel */,
				AC44BD352850B544004A8C2A /* LoginViewController */,
			);
			path = Login;
			sourceTree = "<group>";
		};
		AC44BD352850B544004A8C2A /* LoginViewController */ = {
			isa = PBXGroup;
			children = (
				AC44BD222850B49B004A8C2A /* LoginViewController.swift */,
			);
			path = LoginViewController;
			sourceTree = "<group>";
		};
		AC44BD362850B54F004A8C2A /* LoginViewModel */ = {
			isa = PBXGroup;
			children = (
				AC44BD372850B568004A8C2A /* LoginViewModel.swift */,
			);
			path = LoginViewModel;
			sourceTree = "<group>";
		};
		AC44BD392850B98F004A8C2A /* Model */ = {
			isa = PBXGroup;
			children = (
				AC607E1F2851D8F000B9C878 /* User.swift */,
			);
			path = Model;
			sourceTree = "<group>";
		};
		AC44BD3A2850CDC3004A8C2A /* Extensions */ = {
			isa = PBXGroup;
			children = (
				AC44BD3B2850CDE7004A8C2A /* UIButton+extension.swift */,
				AC607E242851DD6900B9C878 /* UIViewController+extension.swift */,
				AC877B39285C564E005B3BF1 /* UITextField+extension.swift */,
			);
			path = Extensions;
			sourceTree = "<group>";
		};
		AC4825A328530DBB008B593F /* Helpers */ = {
			isa = PBXGroup;
			children = (
				AC4825A428530DE4008B593F /* Alert.swift */,
				AC394563285707B400B4B8D7 /* Constant.swift */,
				AC39456528571DB200B4B8D7 /* Binding.swift */,
			);
			path = Helpers;
			sourceTree = "<group>";
		};
		AC4825A628532B2B008B593F /* HistoryCell */ = {
			isa = PBXGroup;
			children = (
				AC4825A828532B4F008B593F /* HistoryTableViewCell */,
				AC4825A728532B3A008B593F /* HistoryViewModelCell */,
			);
			path = HistoryCell;
			sourceTree = "<group>";
		};
		AC4825A728532B3A008B593F /* HistoryViewModelCell */ = {
			isa = PBXGroup;
			children = (
				AC4825A928532CF5008B593F /* HistoryViewModelCell.swift */,
			);
			path = HistoryViewModelCell;
			sourceTree = "<group>";
		};
		AC4825A828532B4F008B593F /* HistoryTableViewCell */ = {
			isa = PBXGroup;
			children = (
				AC4825AB28532D15008B593F /* HistoryTableViewCell.swift */,
				AC4825AC28532D15008B593F /* HistoryTableViewCell.xib */,
			);
			path = HistoryTableViewCell;
			sourceTree = "<group>";
		};
		AC5026CB285B0B32006DC13B /* Register */ = {
			isa = PBXGroup;
			children = (
				AC5026CD285B0B4B006DC13B /* RegisterViewController */,
				AC5026CC285B0B41006DC13B /* RegisterViewModel */,
			);
			path = Register;
			sourceTree = "<group>";
		};
		AC5026CC285B0B41006DC13B /* RegisterViewModel */ = {
			isa = PBXGroup;
			children = (
				AC5026CE285B0B64006DC13B /* RegisterViewModel.swift */,
			);
			path = RegisterViewModel;
			sourceTree = "<group>";
		};
		AC5026CD285B0B4B006DC13B /* RegisterViewController */ = {
			isa = PBXGroup;
			children = (
				AC5026D0285B0B7F006DC13B /* RegisterViewController.swift */,
			);
			path = RegisterViewController;
			sourceTree = "<group>";
		};
		AC5041F5285869AA00B52B59 /* SelectDirect */ = {
			isa = PBXGroup;
			children = (
				AC5042052858933600B52B59 /* Model */,
				AC5041FC28587BFE00B52B59 /* DataTripCell */,
				AC5041F7285869D800B52B59 /* SelectDirectViewController */,
				AC5041F6285869C400B52B59 /* SelectDirectViewModel */,
			);
			path = SelectDirect;
			sourceTree = "<group>";
		};
		AC5041F6285869C400B52B59 /* SelectDirectViewModel */ = {
			isa = PBXGroup;
			children = (
				AC5041FA28586A1100B52B59 /* SelectDirectViewModel.swift */,
			);
			path = SelectDirectViewModel;
			sourceTree = "<group>";
		};
		AC5041F7285869D800B52B59 /* SelectDirectViewController */ = {
			isa = PBXGroup;
			children = (
				AC5041F8285869FA00B52B59 /* SelectDirectViewController.swift */,
			);
			path = SelectDirectViewController;
			sourceTree = "<group>";
		};
		AC5041FC28587BFE00B52B59 /* DataTripCell */ = {
			isa = PBXGroup;
			children = (
				AC5041FE28587C1D00B52B59 /* DataTripViewControllerCell */,
				AC5041FD28587C1100B52B59 /* DataTripViewModelCell */,
			);
			path = DataTripCell;
			sourceTree = "<group>";
		};
		AC5041FD28587C1100B52B59 /* DataTripViewModelCell */ = {
			isa = PBXGroup;
			children = (
				AC5041FF28587C4C00B52B59 /* DataTripViewModelCell.swift */,
			);
			path = DataTripViewModelCell;
			sourceTree = "<group>";
		};
		AC5041FE28587C1D00B52B59 /* DataTripViewControllerCell */ = {
			isa = PBXGroup;
			children = (
				AC50420128587C7500B52B59 /* DataTripTableViewCell.swift */,
				AC50420228587C7500B52B59 /* DataTripTableViewCell.xib */,
			);
			path = DataTripViewControllerCell;
			sourceTree = "<group>";
		};
		AC5042052858933600B52B59 /* Model */ = {
			isa = PBXGroup;
			children = (
				AC5042062858935400B52B59 /* Sity.swift */,
			);
			path = Model;
			sourceTree = "<group>";
		};
		AC504208285895FC00B52B59 /* SelectCity */ = {
			isa = PBXGroup;
			children = (
				AC50420A2858961900B52B59 /* SelectCityViewController */,
				AC5042092858960C00B52B59 /* SelectCityViewModel */,
			);
			path = SelectCity;
			sourceTree = "<group>";
		};
		AC5042092858960C00B52B59 /* SelectCityViewModel */ = {
			isa = PBXGroup;
			children = (
				AC50420B2858963200B52B59 /* SelectCityViewModel.swift */,
			);
			path = SelectCityViewModel;
			sourceTree = "<group>";
		};
		AC50420A2858961900B52B59 /* SelectCityViewController */ = {
			isa = PBXGroup;
			children = (
				AC50420D2858964E00B52B59 /* SelectCityViewController.swift */,
			);
			path = SelectCityViewController;
			sourceTree = "<group>";
		};
		AC50420F2858A83000B52B59 /* SelectStaition */ = {
			isa = PBXGroup;
			children = (
				AC5042112858A92500B52B59 /* SelectStaitionViewController */,
				AC5042102858A91400B52B59 /* SelectStaitionViewModel */,
			);
			path = SelectStaition;
			sourceTree = "<group>";
		};
		AC5042102858A91400B52B59 /* SelectStaitionViewModel */ = {
			isa = PBXGroup;
			children = (
				AC5042132858A94A00B52B59 /* SelecStaitionViewModel.swift */,
			);
			path = SelectStaitionViewModel;
			sourceTree = "<group>";
		};
		AC5042112858A92500B52B59 /* SelectStaitionViewController */ = {
			isa = PBXGroup;
			children = (
				AC5042152858A96100B52B59 /* SelectStaitionViewController.swift */,
			);
			path = SelectStaitionViewController;
			sourceTree = "<group>";
		};
		AC5C7D0B28535E1600D0885C /* Model */ = {
			isa = PBXGroup;
			children = (
				AC607E262851E4FD00B9C878 /* Trip.swift */,
			);
			path = Model;
			sourceTree = "<group>";
		};
		AC5C7D0C285367FA00D0885C /* DateFormatter */ = {
			isa = PBXGroup;
			children = (
				AC5C7D0E2853681300D0885C /* DateFormatter.swift */,
			);
			path = DateFormatter;
			sourceTree = "<group>";
		};
		AC607E212851D96D00B9C878 /* StorageManager */ = {
			isa = PBXGroup;
			children = (
				AC607E222851D98900B9C878 /* StorageManager.swift */,
			);
			path = StorageManager;
			sourceTree = "<group>";
		};
		AC607E282851E7D700B9C878 /* Order */ = {
			isa = PBXGroup;
			children = (
				AC607E2A2851E7F600B9C878 /* OrderViewModel */,
				AC607E292851E7E800B9C878 /* OrderViewController */,
			);
			path = Order;
			sourceTree = "<group>";
		};
		AC607E292851E7E800B9C878 /* OrderViewController */ = {
			isa = PBXGroup;
			children = (
				AC607E322851F9A800B9C878 /* OrderViewController.swift */,
			);
			path = OrderViewController;
			sourceTree = "<group>";
		};
		AC607E2A2851E7F600B9C878 /* OrderViewModel */ = {
			isa = PBXGroup;
			children = (
				AC607E342851F9B900B9C878 /* OrderViewModel.swift */,
			);
			path = OrderViewModel;
			sourceTree = "<group>";
		};
		AC607E2B2851E80800B9C878 /* HistoryTrip */ = {
			isa = PBXGroup;
			children = (
				AC5C7D0B28535E1600D0885C /* Model */,
				AC4825A628532B2B008B593F /* HistoryCell */,
				AC607E2D2851E83500B9C878 /* HistoryTripViewModel */,
				AC607E2C2851E82700B9C878 /* HistoryTripViewController */,
			);
			path = HistoryTrip;
			sourceTree = "<group>";
		};
		AC607E2C2851E82700B9C878 /* HistoryTripViewController */ = {
			isa = PBXGroup;
			children = (
				AC607E302851E8A400B9C878 /* HistoryTripViewController.swift */,
			);
			path = HistoryTripViewController;
			sourceTree = "<group>";
		};
		AC607E2D2851E83500B9C878 /* HistoryTripViewModel */ = {
			isa = PBXGroup;
			children = (
				AC607E2E2851E85100B9C878 /* HistoryTripViewModel.swift */,
			);
			path = HistoryTripViewModel;
			sourceTree = "<group>";
		};
		AC607E362851FA5C00B9C878 /* Account */ = {
			isa = PBXGroup;
			children = (
				AC607E382851FA7C00B9C878 /* AccountViewController */,
				AC607E372851FA6E00B9C878 /* AccountViewModel */,
			);
			path = Account;
			sourceTree = "<group>";
		};
		AC607E372851FA6E00B9C878 /* AccountViewModel */ = {
			isa = PBXGroup;
			children = (
				AC607E392851FA9E00B9C878 /* SettingViewModel.swift */,
			);
			path = AccountViewModel;
			sourceTree = "<group>";
		};
		AC607E382851FA7C00B9C878 /* AccountViewController */ = {
			isa = PBXGroup;
			children = (
				AC607E3B2851FAE900B9C878 /* AccountViewController.swift */,
			);
			path = AccountViewController;
			sourceTree = "<group>";
		};
		AC607E3D285207DE00B9C878 /* BarController */ = {
			isa = PBXGroup;
			children = (
				AC607E3E285207E700B9C878 /* TaBarViewController */,
			);
			path = BarController;
			sourceTree = "<group>";
		};
		AC607E3E285207E700B9C878 /* TaBarViewController */ = {
			isa = PBXGroup;
			children = (
				AC607E3F2852081B00B9C878 /* TabBarViewController.swift */,
			);
			path = TaBarViewController;
			sourceTree = "<group>";
		};
		AC877B3B285C6CA6005B3BF1 /* AboutUs */ = {
			isa = PBXGroup;
			children = (
			);
			path = AboutUs;
			sourceTree = "<group>";
		};
		ACEC11B72859AE30005641AC /* SelectDate */ = {
			isa = PBXGroup;
			children = (
				ACEC11BE2859E90D005641AC /* Time */,
				ACEC11B92859AE45005641AC /* SelectDateViewController */,
				ACEC11B82859AE3A005641AC /* SelectDateViewModel */,
			);
			path = SelectDate;
			sourceTree = "<group>";
		};
		ACEC11B82859AE3A005641AC /* SelectDateViewModel */ = {
			isa = PBXGroup;
			children = (
				ACEC11BC2859AE77005641AC /* SelectDateViewModel.swift */,
			);
			path = SelectDateViewModel;
			sourceTree = "<group>";
		};
		ACEC11B92859AE45005641AC /* SelectDateViewController */ = {
			isa = PBXGroup;
			children = (
				ACEC11BA2859AE5D005641AC /* SelectDateViewController.swift */,
			);
			path = SelectDateViewController;
			sourceTree = "<group>";
		};
		ACEC11BE2859E90D005641AC /* Time */ = {
			isa = PBXGroup;
			children = (
				ACEC11C72859EB54005641AC /* model */,
				ACEC11C02859E925005641AC /* TimeViewController */,
				ACEC11BF2859E917005641AC /* TimeViewModel */,
			);
			path = Time;
			sourceTree = "<group>";
		};
		ACEC11BF2859E917005641AC /* TimeViewModel */ = {
			isa = PBXGroup;
			children = (
				ACEC11C52859E9A7005641AC /* TimeViewModel.swift */,
			);
			path = TimeViewModel;
			sourceTree = "<group>";
		};
		ACEC11C02859E925005641AC /* TimeViewController */ = {
			isa = PBXGroup;
			children = (
				ACEC11C12859E94F005641AC /* TimeCollectionViewCell.swift */,
				ACEC11C22859E94F005641AC /* TimeCollectionViewCell.xib */,
			);
			path = TimeViewController;
			sourceTree = "<group>";
		};
		ACEC11C72859EB54005641AC /* model */ = {
			isa = PBXGroup;
			children = (
				ACEC11C82859EB72005641AC /* Time.swift */,
			);
			path = model;
			sourceTree = "<group>";
		};
/* End PBXGroup section */

/* Begin PBXNativeTarget section */
		AC44BD1A2850B49B004A8C2A /* TripApp */ = {
			isa = PBXNativeTarget;
			buildConfigurationList = AC44BD2F2850B49E004A8C2A /* Build configuration list for PBXNativeTarget "TripApp" */;
			buildPhases = (
				AC44BD172850B49B004A8C2A /* Sources */,
				AC44BD182850B49B004A8C2A /* Frameworks */,
				AC44BD192850B49B004A8C2A /* Resources */,
			);
			buildRules = (
			);
			dependencies = (
			);
			name = TripApp;
			productName = TripApp;
			productReference = AC44BD1B2850B49B004A8C2A /* TripApp.app */;
			productType = "com.apple.product-type.application";
		};
/* End PBXNativeTarget section */

/* Begin PBXProject section */
		AC44BD132850B49B004A8C2A /* Project object */ = {
			isa = PBXProject;
			attributes = {
				BuildIndependentTargetsInParallel = 1;
				LastSwiftUpdateCheck = 1340;
				LastUpgradeCheck = 1340;
				TargetAttributes = {
					AC44BD1A2850B49B004A8C2A = {
						CreatedOnToolsVersion = 13.4.1;
					};
				};
			};
			buildConfigurationList = AC44BD162850B49B004A8C2A /* Build configuration list for PBXProject "TripApp" */;
			compatibilityVersion = "Xcode 13.0";
			developmentRegion = en;
			hasScannedForEncodings = 0;
			knownRegions = (
				en,
				Base,
			);
			mainGroup = AC44BD122850B49B004A8C2A;
			productRefGroup = AC44BD1C2850B49B004A8C2A /* Products */;
			projectDirPath = "";
			projectRoot = "";
			targets = (
				AC44BD1A2850B49B004A8C2A /* TripApp */,
			);
		};
/* End PBXProject section */

/* Begin PBXResourcesBuildPhase section */
		AC44BD192850B49B004A8C2A /* Resources */ = {
			isa = PBXResourcesBuildPhase;
			buildActionMask = 2147483647;
			files = (
				AC44BD2B2850B49E004A8C2A /* LaunchScreen.storyboard in Resources */,
				ACEC11C42859E94F005641AC /* TimeCollectionViewCell.xib in Resources */,
				AC44BD282850B49E004A8C2A /* Assets.xcassets in Resources */,
				AC4825AE28532D15008B593F /* HistoryTableViewCell.xib in Resources */,
				AC44BD262850B49B004A8C2A /* Main.storyboard in Resources */,
				AC50420428587C7500B52B59 /* DataTripTableViewCell.xib in Resources */,
			);
			runOnlyForDeploymentPostprocessing = 0;
		};
/* End PBXResourcesBuildPhase section */

/* Begin PBXSourcesBuildPhase section */
		AC44BD172850B49B004A8C2A /* Sources */ = {
			isa = PBXSourcesBuildPhase;
			buildActionMask = 2147483647;
			files = (
				AC607E402852081B00B9C878 /* TabBarViewController.swift in Sources */,
				AC607E252851DD6900B9C878 /* UIViewController+extension.swift in Sources */,
				AC50420028587C4C00B52B59 /* DataTripViewModelCell.swift in Sources */,
				AC50420C2858963200B52B59 /* SelectCityViewModel.swift in Sources */,
				AC5026CF285B0B64006DC13B /* RegisterViewModel.swift in Sources */,
				AC877B3A285C564E005B3BF1 /* UITextField+extension.swift in Sources */,
				AC607E3A2851FA9E00B9C878 /* SettingViewModel.swift in Sources */,
				AC5042072858935400B52B59 /* Sity.swift in Sources */,
				AC39456628571DB200B4B8D7 /* Binding.swift in Sources */,
				AC4825A528530DE4008B593F /* Alert.swift in Sources */,
				AC5041FB28586A1100B52B59 /* SelectDirectViewModel.swift in Sources */,
				AC5C7D0F2853681300D0885C /* DateFormatter.swift in Sources */,
				AC44BD382850B568004A8C2A /* LoginViewModel.swift in Sources */,
				AC50420E2858964E00B52B59 /* SelectCityViewController.swift in Sources */,
				AC4825AA28532CF5008B593F /* HistoryViewModelCell.swift in Sources */,
				AC607E312851E8A400B9C878 /* HistoryTripViewController.swift in Sources */,
				AC44BD232850B49B004A8C2A /* LoginViewController.swift in Sources */,
				ACEC11BD2859AE77005641AC /* SelectDateViewModel.swift in Sources */,
				AC607E3C2851FAE900B9C878 /* AccountViewController.swift in Sources */,
				AC5041F9285869FA00B52B59 /* SelectDirectViewController.swift in Sources */,
				AC607E272851E4FD00B9C878 /* Trip.swift in Sources */,
				ACEC11C32859E94F005641AC /* TimeCollectionViewCell.swift in Sources */,
				AC607E202851D8F000B9C878 /* User.swift in Sources */,
				AC5042162858A96100B52B59 /* SelectStaitionViewController.swift in Sources */,
				AC5026D1285B0B7F006DC13B /* RegisterViewController.swift in Sources */,
				AC50420328587C7500B52B59 /* DataTripTableViewCell.swift in Sources */,
				AC607E232851D98900B9C878 /* StorageManager.swift in Sources */,
				ACEC11C92859EB72005641AC /* Time.swift in Sources */,
				ACEC11BB2859AE5D005641AC /* SelectDateViewController.swift in Sources */,
				AC44BD1F2850B49B004A8C2A /* AppDelegate.swift in Sources */,
				AC5042142858A94A00B52B59 /* SelecStaitionViewModel.swift in Sources */,
				AC394564285707B400B4B8D7 /* Constant.swift in Sources */,
				AC44BD212850B49B004A8C2A /* SceneDelegate.swift in Sources */,
				AC607E2F2851E85100B9C878 /* HistoryTripViewModel.swift in Sources */,
				AC4825AD28532D15008B593F /* HistoryTableViewCell.swift in Sources */,
				ACEC11C62859E9A7005641AC /* TimeViewModel.swift in Sources */,
				AC607E352851F9B900B9C878 /* OrderViewModel.swift in Sources */,
				AC44BD3C2850CDE7004A8C2A /* UIButton+extension.swift in Sources */,
				AC607E332851F9A800B9C878 /* OrderViewController.swift in Sources */,
			);
			runOnlyForDeploymentPostprocessing = 0;
		};
/* End PBXSourcesBuildPhase section */

/* Begin PBXVariantGroup section */
		AC44BD242850B49B004A8C2A /* Main.storyboard */ = {
			isa = PBXVariantGroup;
			children = (
				AC44BD252850B49B004A8C2A /* Base */,
			);
			name = Main.storyboard;
			sourceTree = "<group>";
		};
		AC44BD292850B49E004A8C2A /* LaunchScreen.storyboard */ = {
			isa = PBXVariantGroup;
			children = (
				AC44BD2A2850B49E004A8C2A /* Base */,
			);
			name = LaunchScreen.storyboard;
			sourceTree = "<group>";
		};
/* End PBXVariantGroup section */

/* Begin XCBuildConfiguration section */
		AC44BD2D2850B49E004A8C2A /* Debug */ = {
			isa = XCBuildConfiguration;
			buildSettings = {
				ALWAYS_SEARCH_USER_PATHS = NO;
				CLANG_ANALYZER_NONNULL = YES;
				CLANG_ANALYZER_NUMBER_OBJECT_CONVERSION = YES_AGGRESSIVE;
				CLANG_CXX_LANGUAGE_STANDARD = "gnu++17";
				CLANG_ENABLE_MODULES = YES;
				CLANG_ENABLE_OBJC_ARC = YES;
				CLANG_ENABLE_OBJC_WEAK = YES;
				CLANG_WARN_BLOCK_CAPTURE_AUTORELEASING = YES;
				CLANG_WARN_BOOL_CONVERSION = YES;
				CLANG_WARN_COMMA = YES;
				CLANG_WARN_CONSTANT_CONVERSION = YES;
				CLANG_WARN_DEPRECATED_OBJC_IMPLEMENTATIONS = YES;
				CLANG_WARN_DIRECT_OBJC_ISA_USAGE = YES_ERROR;
				CLANG_WARN_DOCUMENTATION_COMMENTS = YES;
				CLANG_WARN_EMPTY_BODY = YES;
				CLANG_WARN_ENUM_CONVERSION = YES;
				CLANG_WARN_INFINITE_RECURSION = YES;
				CLANG_WARN_INT_CONVERSION = YES;
				CLANG_WARN_NON_LITERAL_NULL_CONVERSION = YES;
				CLANG_WARN_OBJC_IMPLICIT_RETAIN_SELF = YES;
				CLANG_WARN_OBJC_LITERAL_CONVERSION = YES;
				CLANG_WARN_OBJC_ROOT_CLASS = YES_ERROR;
				CLANG_WARN_QUOTED_INCLUDE_IN_FRAMEWORK_HEADER = YES;
				CLANG_WARN_RANGE_LOOP_ANALYSIS = YES;
				CLANG_WARN_STRICT_PROTOTYPES = YES;
				CLANG_WARN_SUSPICIOUS_MOVE = YES;
				CLANG_WARN_UNGUARDED_AVAILABILITY = YES_AGGRESSIVE;
				CLANG_WARN_UNREACHABLE_CODE = YES;
				CLANG_WARN__DUPLICATE_METHOD_MATCH = YES;
				COPY_PHASE_STRIP = NO;
				DEBUG_INFORMATION_FORMAT = dwarf;
				ENABLE_STRICT_OBJC_MSGSEND = YES;
				ENABLE_TESTABILITY = YES;
				GCC_C_LANGUAGE_STANDARD = gnu11;
				GCC_DYNAMIC_NO_PIC = NO;
				GCC_NO_COMMON_BLOCKS = YES;
				GCC_OPTIMIZATION_LEVEL = 0;
				GCC_PREPROCESSOR_DEFINITIONS = (
					"DEBUG=1",
					"$(inherited)",
				);
				GCC_WARN_64_TO_32_BIT_CONVERSION = YES;
				GCC_WARN_ABOUT_RETURN_TYPE = YES_ERROR;
				GCC_WARN_UNDECLARED_SELECTOR = YES;
				GCC_WARN_UNINITIALIZED_AUTOS = YES_AGGRESSIVE;
				GCC_WARN_UNUSED_FUNCTION = YES;
				GCC_WARN_UNUSED_VARIABLE = YES;
				IPHONEOS_DEPLOYMENT_TARGET = 15.5;
				MTL_ENABLE_DEBUG_INFO = INCLUDE_SOURCE;
				MTL_FAST_MATH = YES;
				ONLY_ACTIVE_ARCH = YES;
				SDKROOT = iphoneos;
				SWIFT_ACTIVE_COMPILATION_CONDITIONS = DEBUG;
				SWIFT_OPTIMIZATION_LEVEL = "-Onone";
			};
			name = Debug;
		};
		AC44BD2E2850B49E004A8C2A /* Release */ = {
			isa = XCBuildConfiguration;
			buildSettings = {
				ALWAYS_SEARCH_USER_PATHS = NO;
				CLANG_ANALYZER_NONNULL = YES;
				CLANG_ANALYZER_NUMBER_OBJECT_CONVERSION = YES_AGGRESSIVE;
				CLANG_CXX_LANGUAGE_STANDARD = "gnu++17";
				CLANG_ENABLE_MODULES = YES;
				CLANG_ENABLE_OBJC_ARC = YES;
				CLANG_ENABLE_OBJC_WEAK = YES;
				CLANG_WARN_BLOCK_CAPTURE_AUTORELEASING = YES;
				CLANG_WARN_BOOL_CONVERSION = YES;
				CLANG_WARN_COMMA = YES;
				CLANG_WARN_CONSTANT_CONVERSION = YES;
				CLANG_WARN_DEPRECATED_OBJC_IMPLEMENTATIONS = YES;
				CLANG_WARN_DIRECT_OBJC_ISA_USAGE = YES_ERROR;
				CLANG_WARN_DOCUMENTATION_COMMENTS = YES;
				CLANG_WARN_EMPTY_BODY = YES;
				CLANG_WARN_ENUM_CONVERSION = YES;
				CLANG_WARN_INFINITE_RECURSION = YES;
				CLANG_WARN_INT_CONVERSION = YES;
				CLANG_WARN_NON_LITERAL_NULL_CONVERSION = YES;
				CLANG_WARN_OBJC_IMPLICIT_RETAIN_SELF = YES;
				CLANG_WARN_OBJC_LITERAL_CONVERSION = YES;
				CLANG_WARN_OBJC_ROOT_CLASS = YES_ERROR;
				CLANG_WARN_QUOTED_INCLUDE_IN_FRAMEWORK_HEADER = YES;
				CLANG_WARN_RANGE_LOOP_ANALYSIS = YES;
				CLANG_WARN_STRICT_PROTOTYPES = YES;
				CLANG_WARN_SUSPICIOUS_MOVE = YES;
				CLANG_WARN_UNGUARDED_AVAILABILITY = YES_AGGRESSIVE;
				CLANG_WARN_UNREACHABLE_CODE = YES;
				CLANG_WARN__DUPLICATE_METHOD_MATCH = YES;
				COPY_PHASE_STRIP = NO;
				DEBUG_INFORMATION_FORMAT = "dwarf-with-dsym";
				ENABLE_NS_ASSERTIONS = NO;
				ENABLE_STRICT_OBJC_MSGSEND = YES;
				GCC_C_LANGUAGE_STANDARD = gnu11;
				GCC_NO_COMMON_BLOCKS = YES;
				GCC_WARN_64_TO_32_BIT_CONVERSION = YES;
				GCC_WARN_ABOUT_RETURN_TYPE = YES_ERROR;
				GCC_WARN_UNDECLARED_SELECTOR = YES;
				GCC_WARN_UNINITIALIZED_AUTOS = YES_AGGRESSIVE;
				GCC_WARN_UNUSED_FUNCTION = YES;
				GCC_WARN_UNUSED_VARIABLE = YES;
				IPHONEOS_DEPLOYMENT_TARGET = 15.5;
				MTL_ENABLE_DEBUG_INFO = NO;
				MTL_FAST_MATH = YES;
				SDKROOT = iphoneos;
				SWIFT_COMPILATION_MODE = wholemodule;
				SWIFT_OPTIMIZATION_LEVEL = "-O";
				VALIDATE_PRODUCT = YES;
			};
			name = Release;
		};
		AC44BD302850B49E004A8C2A /* Debug */ = {
			isa = XCBuildConfiguration;
			buildSettings = {
				ASSETCATALOG_COMPILER_APPICON_NAME = AppIcon;
				ASSETCATALOG_COMPILER_GLOBAL_ACCENT_COLOR_NAME = AccentColor;
				CODE_SIGN_STYLE = Automatic;
				CURRENT_PROJECT_VERSION = 1;
				DEVELOPMENT_TEAM = VAW785THSY;
				GENERATE_INFOPLIST_FILE = YES;
				INFOPLIST_FILE = TripApp/Info.plist;
				INFOPLIST_KEY_UIApplicationSupportsIndirectInputEvents = YES;
				INFOPLIST_KEY_UILaunchStoryboardName = LaunchScreen;
				INFOPLIST_KEY_UIMainStoryboardFile = Main;
				INFOPLIST_KEY_UISupportedInterfaceOrientations = UIInterfaceOrientationPortrait;
				INFOPLIST_KEY_UISupportedInterfaceOrientations_iPad = "UIInterfaceOrientationPortrait UIInterfaceOrientationPortraitUpsideDown UIInterfaceOrientationLandscapeLeft UIInterfaceOrientationLandscapeRight";
				INFOPLIST_KEY_UISupportedInterfaceOrientations_iPhone = "UIInterfaceOrientationPortrait UIInterfaceOrientationLandscapeLeft UIInterfaceOrientationLandscapeRight";
				IPHONEOS_DEPLOYMENT_TARGET = 13.0;
				LD_RUNPATH_SEARCH_PATHS = (
					"$(inherited)",
					"@executable_path/Frameworks",
				);
				MARKETING_VERSION = 1.0;
				PRODUCT_BUNDLE_IDENTIFIER = TYomiCH.TripApp;
				PRODUCT_NAME = "$(TARGET_NAME)";
				SWIFT_EMIT_LOC_STRINGS = YES;
				SWIFT_VERSION = 5.0;
				TARGETED_DEVICE_FAMILY = 1;
			};
			name = Debug;
		};
		AC44BD312850B49E004A8C2A /* Release */ = {
			isa = XCBuildConfiguration;
			buildSettings = {
				ASSETCATALOG_COMPILER_APPICON_NAME = AppIcon;
				ASSETCATALOG_COMPILER_GLOBAL_ACCENT_COLOR_NAME = AccentColor;
				CODE_SIGN_STYLE = Automatic;
				CURRENT_PROJECT_VERSION = 1;
				DEVELOPMENT_TEAM = VAW785THSY;
				GENERATE_INFOPLIST_FILE = YES;
				INFOPLIST_FILE = TripApp/Info.plist;
				INFOPLIST_KEY_UIApplicationSupportsIndirectInputEvents = YES;
				INFOPLIST_KEY_UILaunchStoryboardName = LaunchScreen;
				INFOPLIST_KEY_UIMainStoryboardFile = Main;
				INFOPLIST_KEY_UISupportedInterfaceOrientations = UIInterfaceOrientationPortrait;
				INFOPLIST_KEY_UISupportedInterfaceOrientations_iPad = "UIInterfaceOrientationPortrait UIInterfaceOrientationPortraitUpsideDown UIInterfaceOrientationLandscapeLeft UIInterfaceOrientationLandscapeRight";
				INFOPLIST_KEY_UISupportedInterfaceOrientations_iPhone = "UIInterfaceOrientationPortrait UIInterfaceOrientationLandscapeLeft UIInterfaceOrientationLandscapeRight";
				IPHONEOS_DEPLOYMENT_TARGET = 13.0;
				LD_RUNPATH_SEARCH_PATHS = (
					"$(inherited)",
					"@executable_path/Frameworks",
				);
				MARKETING_VERSION = 1.0;
				PRODUCT_BUNDLE_IDENTIFIER = TYomiCH.TripApp;
				PRODUCT_NAME = "$(TARGET_NAME)";
				SWIFT_EMIT_LOC_STRINGS = YES;
				SWIFT_VERSION = 5.0;
				TARGETED_DEVICE_FAMILY = 1;
			};
			name = Release;
		};
/* End XCBuildConfiguration section */

/* Begin XCConfigurationList section */
		AC44BD162850B49B004A8C2A /* Build configuration list for PBXProject "TripApp" */ = {
			isa = XCConfigurationList;
			buildConfigurations = (
				AC44BD2D2850B49E004A8C2A /* Debug */,
				AC44BD2E2850B49E004A8C2A /* Release */,
			);
			defaultConfigurationIsVisible = 0;
			defaultConfigurationName = Release;
		};
		AC44BD2F2850B49E004A8C2A /* Build configuration list for PBXNativeTarget "TripApp" */ = {
			isa = XCConfigurationList;
			buildConfigurations = (
				AC44BD302850B49E004A8C2A /* Debug */,
				AC44BD312850B49E004A8C2A /* Release */,
			);
			defaultConfigurationIsVisible = 0;
			defaultConfigurationName = Release;
		};
/* End XCConfigurationList section */
	};
	rootObject = AC44BD132850B49B004A8C2A /* Project object */;
}
