// !$*UTF8*$!
{
	archiveVersion = 1;
	classes = {
	};
	objectVersion = 55;
	objects = {

/* Begin PBXBuildFile section */
		AC44BD1F2850B49B004A8C2A /* AppDelegate.swift in Sources */ = {isa = PBXBuildFile; fileRef = AC44BD1E2850B49B004A8C2A /* AppDelegate.swift */; };
		AC44BD212850B49B004A8C2A /* SceneDelegate.swift in Sources */ = {isa = PBXBuildFile; fileRef = AC44BD202850B49B004A8C2A /* SceneDelegate.swift */; };
		AC44BD232850B49B004A8C2A /* LoginViewController.swift in Sources */ = {isa = PBXBuildFile; fileRef = AC44BD222850B49B004A8C2A /* LoginViewController.swift */; };
		AC44BD262850B49B004A8C2A /* Main.storyboard in Resources */ = {isa = PBXBuildFile; fileRef = AC44BD242850B49B004A8C2A /* Main.storyboard */; };
		AC44BD282850B49E004A8C2A /* Assets.xcassets in Resources */ = {isa = PBXBuildFile; fileRef = AC44BD272850B49E004A8C2A /* Assets.xcassets */; };
		AC44BD2B2850B49E004A8C2A /* LaunchScreen.storyboard in Resources */ = {isa = PBXBuildFile; fileRef = AC44BD292850B49E004A8C2A /* LaunchScreen.storyboard */; };
		AC44BD382850B568004A8C2A /* LoginViewModel.swift in Sources */ = {isa = PBXBuildFile; fileRef = AC44BD372850B568004A8C2A /* LoginViewModel.swift */; };
		AC44BD3C2850CDE7004A8C2A /* UIButton+extension.swift in Sources */ = {isa = PBXBuildFile; fileRef = AC44BD3B2850CDE7004A8C2A /* UIButton+extension.swift */; };
		AC4825A528530DE4008B593F /* Alert.swift in Sources */ = {isa = PBXBuildFile; fileRef = AC4825A428530DE4008B593F /* Alert.swift */; };
		AC4825AA28532CF5008B593F /* HistoryViewModelCell.swift in Sources */ = {isa = PBXBuildFile; fileRef = AC4825A928532CF5008B593F /* HistoryViewModelCell.swift */; };
		AC4825AD28532D15008B593F /* HistoryTableViewCell.swift in Sources */ = {isa = PBXBuildFile; fileRef = AC4825AB28532D15008B593F /* HistoryTableViewCell.swift */; };
		AC4825AE28532D15008B593F /* HistoryTableViewCell.xib in Resources */ = {isa = PBXBuildFile; fileRef = AC4825AC28532D15008B593F /* HistoryTableViewCell.xib */; };
		AC607E202851D8F000B9C878 /* User.swift in Sources */ = {isa = PBXBuildFile; fileRef = AC607E1F2851D8F000B9C878 /* User.swift */; };
		AC607E232851D98900B9C878 /* StorageManager.swift in Sources */ = {isa = PBXBuildFile; fileRef = AC607E222851D98900B9C878 /* StorageManager.swift */; };
		AC607E252851DD6900B9C878 /* UIViewController+extension.swift in Sources */ = {isa = PBXBuildFile; fileRef = AC607E242851DD6900B9C878 /* UIViewController+extension.swift */; };
		AC607E272851E4FD00B9C878 /* Trip.swift in Sources */ = {isa = PBXBuildFile; fileRef = AC607E262851E4FD00B9C878 /* Trip.swift */; };
		AC607E2F2851E85100B9C878 /* HistoryTripViewModel.swift in Sources */ = {isa = PBXBuildFile; fileRef = AC607E2E2851E85100B9C878 /* HistoryTripViewModel.swift */; };
		AC607E312851E8A400B9C878 /* HistoryTripViewController.swift in Sources */ = {isa = PBXBuildFile; fileRef = AC607E302851E8A400B9C878 /* HistoryTripViewController.swift */; };
		AC607E332851F9A800B9C878 /* OrderViewController.swift in Sources */ = {isa = PBXBuildFile; fileRef = AC607E322851F9A800B9C878 /* OrderViewController.swift */; };
		AC607E352851F9B900B9C878 /* OrderViewModel.swift in Sources */ = {isa = PBXBuildFile; fileRef = AC607E342851F9B900B9C878 /* OrderViewModel.swift */; };
		AC607E3A2851FA9E00B9C878 /* SettingViewModel.swift in Sources */ = {isa = PBXBuildFile; fileRef = AC607E392851FA9E00B9C878 /* SettingViewModel.swift */; };
		AC607E3C2851FAE900B9C878 /* SettingViewController.swift in Sources */ = {isa = PBXBuildFile; fileRef = AC607E3B2851FAE900B9C878 /* SettingViewController.swift */; };
		AC607E402852081B00B9C878 /* TabBarViewController.swift in Sources */ = {isa = PBXBuildFile; fileRef = AC607E3F2852081B00B9C878 /* TabBarViewController.swift */; };
/* End PBXBuildFile section */

/* Begin PBXFileReference section */
		AC44BD1B2850B49B004A8C2A /* TripApp.app */ = {isa = PBXFileReference; explicitFileType = wrapper.application; includeInIndex = 0; path = TripApp.app; sourceTree = BUILT_PRODUCTS_DIR; };
		AC44BD1E2850B49B004A8C2A /* AppDelegate.swift */ = {isa = PBXFileReference; lastKnownFileType = sourcecode.swift; path = AppDelegate.swift; sourceTree = "<group>"; };
		AC44BD202850B49B004A8C2A /* SceneDelegate.swift */ = {isa = PBXFileReference; lastKnownFileType = sourcecode.swift; path = SceneDelegate.swift; sourceTree = "<group>"; };
		AC44BD222850B49B004A8C2A /* LoginViewController.swift */ = {isa = PBXFileReference; lastKnownFileType = sourcecode.swift; path = LoginViewController.swift; sourceTree = "<group>"; };
		AC44BD252850B49B004A8C2A /* Base */ = {isa = PBXFileReference; lastKnownFileType = file.storyboard; name = Base; path = Base.lproj/Main.storyboard; sourceTree = "<group>"; };
		AC44BD272850B49E004A8C2A /* Assets.xcassets */ = {isa = PBXFileReference; lastKnownFileType = folder.assetcatalog; path = Assets.xcassets; sourceTree = "<group>"; };
		AC44BD2A2850B49E004A8C2A /* Base */ = {isa = PBXFileReference; lastKnownFileType = file.storyboard; name = Base; path = Base.lproj/LaunchScreen.storyboard; sourceTree = "<group>"; };
		AC44BD2C2850B49E004A8C2A /* Info.plist */ = {isa = PBXFileReference; lastKnownFileType = text.plist.xml; path = Info.plist; sourceTree = "<group>"; };
		AC44BD372850B568004A8C2A /* LoginViewModel.swift */ = {isa = PBXFileReference; lastKnownFileType = sourcecode.swift; path = LoginViewModel.swift; sourceTree = "<group>"; };
		AC44BD3B2850CDE7004A8C2A /* UIButton+extension.swift */ = {isa = PBXFileReference; lastKnownFileType = sourcecode.swift; path = "UIButton+extension.swift"; sourceTree = "<group>"; };
		AC4825A428530DE4008B593F /* Alert.swift */ = {isa = PBXFileReference; lastKnownFileType = sourcecode.swift; path = Alert.swift; sourceTree = "<group>"; };
		AC4825A928532CF5008B593F /* HistoryViewModelCell.swift */ = {isa = PBXFileReference; lastKnownFileType = sourcecode.swift; path = HistoryViewModelCell.swift; sourceTree = "<group>"; };
		AC4825AB28532D15008B593F /* HistoryTableViewCell.swift */ = {isa = PBXFileReference; lastKnownFileType = sourcecode.swift; path = HistoryTableViewCell.swift; sourceTree = "<group>"; };
		AC4825AC28532D15008B593F /* HistoryTableViewCell.xib */ = {isa = PBXFileReference; lastKnownFileType = file.xib; path = HistoryTableViewCell.xib; sourceTree = "<group>"; };
		AC607E1F2851D8F000B9C878 /* User.swift */ = {isa = PBXFileReference; lastKnownFileType = sourcecode.swift; path = User.swift; sourceTree = "<group>"; };
		AC607E222851D98900B9C878 /* StorageManager.swift */ = {isa = PBXFileReference; lastKnownFileType = sourcecode.swift; path = StorageManager.swift; sourceTree = "<group>"; };
		AC607E242851DD6900B9C878 /* UIViewController+extension.swift */ = {isa = PBXFileReference; lastKnownFileType = sourcecode.swift; path = "UIViewController+extension.swift"; sourceTree = "<group>"; };
		AC607E262851E4FD00B9C878 /* Trip.swift */ = {isa = PBXFileReference; lastKnownFileType = sourcecode.swift; path = Trip.swift; sourceTree = "<group>"; };
		AC607E2E2851E85100B9C878 /* HistoryTripViewModel.swift */ = {isa = PBXFileReference; lastKnownFileType = sourcecode.swift; path = HistoryTripViewModel.swift; sourceTree = "<group>"; };
		AC607E302851E8A400B9C878 /* HistoryTripViewController.swift */ = {isa = PBXFileReference; lastKnownFileType = sourcecode.swift; path = HistoryTripViewController.swift; sourceTree = "<group>"; };
		AC607E322851F9A800B9C878 /* OrderViewController.swift */ = {isa = PBXFileReference; lastKnownFileType = sourcecode.swift; path = OrderViewController.swift; sourceTree = "<group>"; };
		AC607E342851F9B900B9C878 /* OrderViewModel.swift */ = {isa = PBXFileReference; lastKnownFileType = sourcecode.swift; path = OrderViewModel.swift; sourceTree = "<group>"; };
		AC607E392851FA9E00B9C878 /* SettingViewModel.swift */ = {isa = PBXFileReference; lastKnownFileType = sourcecode.swift; path = SettingViewModel.swift; sourceTree = "<group>"; };
		AC607E3B2851FAE900B9C878 /* SettingViewController.swift */ = {isa = PBXFileReference; lastKnownFileType = sourcecode.swift; path = SettingViewController.swift; sourceTree = "<group>"; };
		AC607E3F2852081B00B9C878 /* TabBarViewController.swift */ = {isa = PBXFileReference; lastKnownFileType = sourcecode.swift; path = TabBarViewController.swift; sourceTree = "<group>"; };
/* End PBXFileReference section */

/* Begin PBXFrameworksBuildPhase section */
		AC44BD182850B49B004A8C2A /* Frameworks */ = {
			isa = PBXFrameworksBuildPhase;
			buildActionMask = 2147483647;
			files = (
			);
			runOnlyForDeploymentPostprocessing = 0;
		};
/* End PBXFrameworksBuildPhase section */

/* Begin PBXGroup section */
		AC44BD122850B49B004A8C2A = {
			isa = PBXGroup;
			children = (
				AC44BD1D2850B49B004A8C2A /* TripApp */,
				AC44BD1C2850B49B004A8C2A /* Products */,
			);
			sourceTree = "<group>";
		};
		AC44BD1C2850B49B004A8C2A /* Products */ = {
			isa = PBXGroup;
			children = (
				AC44BD1B2850B49B004A8C2A /* TripApp.app */,
			);
			name = Products;
			sourceTree = "<group>";
		};
		AC44BD1D2850B49B004A8C2A /* TripApp */ = {
			isa = PBXGroup;
			children = (
				AC44BD322850B4D9004A8C2A /* App */,
				AC4825A328530DBB008B593F /* Helpers */,
				AC607E3D285207DE00B9C878 /* BarController */,
				AC44BD3A2850CDC3004A8C2A /* Extensions */,
				AC44BD342850B532004A8C2A /* Login */,
				AC607E282851E7D700B9C878 /* Order */,
				AC607E2B2851E80800B9C878 /* HistoryTrip */,
				AC607E362851FA5C00B9C878 /* Setting */,
				AC607E212851D96D00B9C878 /* StorageManager */,
				AC44BD242850B49B004A8C2A /* Main.storyboard */,
				AC44BD332850B4E6004A8C2A /* Resource */,
				AC44BD2C2850B49E004A8C2A /* Info.plist */,
			);
			path = TripApp;
			sourceTree = "<group>";
		};
		AC44BD322850B4D9004A8C2A /* App */ = {
			isa = PBXGroup;
			children = (
				AC44BD292850B49E004A8C2A /* LaunchScreen.storyboard */,
				AC44BD1E2850B49B004A8C2A /* AppDelegate.swift */,
				AC44BD202850B49B004A8C2A /* SceneDelegate.swift */,
			);
			path = App;
			sourceTree = "<group>";
		};
		AC44BD332850B4E6004A8C2A /* Resource */ = {
			isa = PBXGroup;
			children = (
				AC44BD272850B49E004A8C2A /* Assets.xcassets */,
			);
			path = Resource;
			sourceTree = "<group>";
		};
		AC44BD342850B532004A8C2A /* Login */ = {
			isa = PBXGroup;
			children = (
				AC44BD392850B98F004A8C2A /* Model */,
				AC44BD362850B54F004A8C2A /* LoginViewModel */,
				AC44BD352850B544004A8C2A /* LoginViewController */,
			);
			path = Login;
			sourceTree = "<group>";
		};
		AC44BD352850B544004A8C2A /* LoginViewController */ = {
			isa = PBXGroup;
			children = (
				AC44BD222850B49B004A8C2A /* LoginViewController.swift */,
			);
			path = LoginViewController;
			sourceTree = "<group>";
		};
		AC44BD362850B54F004A8C2A /* LoginViewModel */ = {
			isa = PBXGroup;
			children = (
				AC44BD372850B568004A8C2A /* LoginViewModel.swift */,
			);
			path = LoginViewModel;
			sourceTree = "<group>";
		};
		AC44BD392850B98F004A8C2A /* Model */ = {
			isa = PBXGroup;
			children = (
				AC607E1F2851D8F000B9C878 /* User.swift */,
				AC607E262851E4FD00B9C878 /* Trip.swift */,
			);
			path = Model;
			sourceTree = "<group>";
		};
		AC44BD3A2850CDC3004A8C2A /* Extensions */ = {
			isa = PBXGroup;
			children = (
				AC44BD3B2850CDE7004A8C2A /* UIButton+extension.swift */,
				AC607E242851DD6900B9C878 /* UIViewController+extension.swift */,
			);
			path = Extensions;
			sourceTree = "<group>";
		};
		AC4825A328530DBB008B593F /* Helpers */ = {
			isa = PBXGroup;
			children = (
				AC4825A428530DE4008B593F /* Alert.swift */,
			);
			path = Helpers;
			sourceTree = "<group>";
		};
		AC4825A628532B2B008B593F /* HistoryCell */ = {
			isa = PBXGroup;
			children = (
				AC4825A828532B4F008B593F /* HistoryTableViewCell */,
				AC4825A728532B3A008B593F /* HistoryViewModelCell */,
			);
			path = HistoryCell;
			sourceTree = "<group>";
		};
		AC4825A728532B3A008B593F /* HistoryViewModelCell */ = {
			isa = PBXGroup;
			children = (
				AC4825A928532CF5008B593F /* HistoryViewModelCell.swift */,
			);
			path = HistoryViewModelCell;
			sourceTree = "<group>";
		};
		AC4825A828532B4F008B593F /* HistoryTableViewCell */ = {
			isa = PBXGroup;
			children = (
				AC4825AB28532D15008B593F /* HistoryTableViewCell.swift */,
				AC4825AC28532D15008B593F /* HistoryTableViewCell.xib */,
			);
			path = HistoryTableViewCell;
			sourceTree = "<group>";
		};
		AC607E212851D96D00B9C878 /* StorageManager */ = {
			isa = PBXGroup;
			children = (
				AC607E222851D98900B9C878 /* StorageManager.swift */,
			);
			path = StorageManager;
			sourceTree = "<group>";
		};
		AC607E282851E7D700B9C878 /* Order */ = {
			isa = PBXGroup;
			children = (
				AC607E2A2851E7F600B9C878 /* OrderViewModel */,
				AC607E292851E7E800B9C878 /* OrderViewController */,
			);
			path = Order;
			sourceTree = "<group>";
		};
		AC607E292851E7E800B9C878 /* OrderViewController */ = {
			isa = PBXGroup;
			children = (
				AC607E322851F9A800B9C878 /* OrderViewController.swift */,
			);
			path = OrderViewController;
			sourceTree = "<group>";
		};
		AC607E2A2851E7F600B9C878 /* OrderViewModel */ = {
			isa = PBXGroup;
			children = (
				AC607E342851F9B900B9C878 /* OrderViewModel.swift */,
			);
			path = OrderViewModel;
			sourceTree = "<group>";
		};
		AC607E2B2851E80800B9C878 /* HistoryTrip */ = {
			isa = PBXGroup;
			children = (
				AC4825A628532B2B008B593F /* HistoryCell */,
				AC607E2D2851E83500B9C878 /* HistoryTripViewModel */,
				AC607E2C2851E82700B9C878 /* HistoryTripViewController */,
			);
			path = HistoryTrip;
			sourceTree = "<group>";
		};
		AC607E2C2851E82700B9C878 /* HistoryTripViewController */ = {
			isa = PBXGroup;
			children = (
				AC607E302851E8A400B9C878 /* HistoryTripViewController.swift */,
			);
			path = HistoryTripViewController;
			sourceTree = "<group>";
		};
		AC607E2D2851E83500B9C878 /* HistoryTripViewModel */ = {
			isa = PBXGroup;
			children = (
				AC607E2E2851E85100B9C878 /* HistoryTripViewModel.swift */,
			);
			path = HistoryTripViewModel;
			sourceTree = "<group>";
		};
		AC607E362851FA5C00B9C878 /* Setting */ = {
			isa = PBXGroup;
			children = (
				AC607E382851FA7C00B9C878 /* SettingViewController */,
				AC607E372851FA6E00B9C878 /* SettingViewModel */,
			);
			path = Setting;
			sourceTree = "<group>";
		};
		AC607E372851FA6E00B9C878 /* SettingViewModel */ = {
			isa = PBXGroup;
			children = (
				AC607E392851FA9E00B9C878 /* SettingViewModel.swift */,
			);
			path = SettingViewModel;
			sourceTree = "<group>";
		};
		AC607E382851FA7C00B9C878 /* SettingViewController */ = {
			isa = PBXGroup;
			children = (
				AC607E3B2851FAE900B9C878 /* SettingViewController.swift */,
			);
			path = SettingViewController;
			sourceTree = "<group>";
		};
		AC607E3D285207DE00B9C878 /* BarController */ = {
			isa = PBXGroup;
			children = (
				AC607E3E285207E700B9C878 /* TaBarViewController */,
			);
			path = BarController;
			sourceTree = "<group>";
		};
		AC607E3E285207E700B9C878 /* TaBarViewController */ = {
			isa = PBXGroup;
			children = (
				AC607E3F2852081B00B9C878 /* TabBarViewController.swift */,
			);
			path = TaBarViewController;
			sourceTree = "<group>";
		};
/* End PBXGroup section */

/* Begin PBXNativeTarget section */
		AC44BD1A2850B49B004A8C2A /* TripApp */ = {
			isa = PBXNativeTarget;
			buildConfigurationList = AC44BD2F2850B49E004A8C2A /* Build configuration list for PBXNativeTarget "TripApp" */;
			buildPhases = (
				AC44BD172850B49B004A8C2A /* Sources */,
				AC44BD182850B49B004A8C2A /* Frameworks */,
				AC44BD192850B49B004A8C2A /* Resources */,
			);
			buildRules = (
			);
			dependencies = (
			);
			name = TripApp;
			productName = TripApp;
			productReference = AC44BD1B2850B49B004A8C2A /* TripApp.app */;
			productType = "com.apple.product-type.application";
		};
/* End PBXNativeTarget section */

/* Begin PBXProject section */
		AC44BD132850B49B004A8C2A /* Project object */ = {
			isa = PBXProject;
			attributes = {
				BuildIndependentTargetsInParallel = 1;
				LastSwiftUpdateCheck = 1340;
				LastUpgradeCheck = 1340;
				TargetAttributes = {
					AC44BD1A2850B49B004A8C2A = {
						CreatedOnToolsVersion = 13.4.1;
					};
				};
			};
			buildConfigurationList = AC44BD162850B49B004A8C2A /* Build configuration list for PBXProject "TripApp" */;
			compatibilityVersion = "Xcode 13.0";
			developmentRegion = en;
			hasScannedForEncodings = 0;
			knownRegions = (
				en,
				Base,
			);
			mainGroup = AC44BD122850B49B004A8C2A;
			productRefGroup = AC44BD1C2850B49B004A8C2A /* Products */;
			projectDirPath = "";
			projectRoot = "";
			targets = (
				AC44BD1A2850B49B004A8C2A /* TripApp */,
			);
		};
/* End PBXProject section */

/* Begin PBXResourcesBuildPhase section */
		AC44BD192850B49B004A8C2A /* Resources */ = {
			isa = PBXResourcesBuildPhase;
			buildActionMask = 2147483647;
			files = (
				AC44BD2B2850B49E004A8C2A /* LaunchScreen.storyboard in Resources */,
				AC44BD282850B49E004A8C2A /* Assets.xcassets in Resources */,
				AC4825AE28532D15008B593F /* HistoryTableViewCell.xib in Resources */,
				AC44BD262850B49B004A8C2A /* Main.storyboard in Resources */,
			);
			runOnlyForDeploymentPostprocessing = 0;
		};
/* End PBXResourcesBuildPhase section */

/* Begin PBXSourcesBuildPhase section */
		AC44BD172850B49B004A8C2A /* Sources */ = {
			isa = PBXSourcesBuildPhase;
			buildActionMask = 2147483647;
			files = (
				AC607E402852081B00B9C878 /* TabBarViewController.swift in Sources */,
				AC607E252851DD6900B9C878 /* UIViewController+extension.swift in Sources */,
				AC607E3A2851FA9E00B9C878 /* SettingViewModel.swift in Sources */,
				AC4825A528530DE4008B593F /* Alert.swift in Sources */,
				AC44BD382850B568004A8C2A /* LoginViewModel.swift in Sources */,
				AC4825AA28532CF5008B593F /* HistoryViewModelCell.swift in Sources */,
				AC607E312851E8A400B9C878 /* HistoryTripViewController.swift in Sources */,
				AC44BD232850B49B004A8C2A /* LoginViewController.swift in Sources */,
				AC607E3C2851FAE900B9C878 /* SettingViewController.swift in Sources */,
				AC607E272851E4FD00B9C878 /* Trip.swift in Sources */,
				AC607E202851D8F000B9C878 /* User.swift in Sources */,
				AC607E232851D98900B9C878 /* StorageManager.swift in Sources */,
				AC44BD1F2850B49B004A8C2A /* AppDelegate.swift in Sources */,
				AC44BD212850B49B004A8C2A /* SceneDelegate.swift in Sources */,
				AC607E2F2851E85100B9C878 /* HistoryTripViewModel.swift in Sources */,
				AC4825AD28532D15008B593F /* HistoryTableViewCell.swift in Sources */,
				AC607E352851F9B900B9C878 /* OrderViewModel.swift in Sources */,
				AC44BD3C2850CDE7004A8C2A /* UIButton+extension.swift in Sources */,
				AC607E332851F9A800B9C878 /* OrderViewController.swift in Sources */,
			);
			runOnlyForDeploymentPostprocessing = 0;
		};
/* End PBXSourcesBuildPhase section */

/* Begin PBXVariantGroup section */
		AC44BD242850B49B004A8C2A /* Main.storyboard */ = {
			isa = PBXVariantGroup;
			children = (
				AC44BD252850B49B004A8C2A /* Base */,
			);
			name = Main.storyboard;
			sourceTree = "<group>";
		};
		AC44BD292850B49E004A8C2A /* LaunchScreen.storyboard */ = {
			isa = PBXVariantGroup;
			children = (
				AC44BD2A2850B49E004A8C2A /* Base */,
			);
			name = LaunchScreen.storyboard;
			sourceTree = "<group>";
		};
/* End PBXVariantGroup section */

/* Begin XCBuildConfiguration section */
		AC44BD2D2850B49E004A8C2A /* Debug */ = {
			isa = XCBuildConfiguration;
			buildSettings = {
				ALWAYS_SEARCH_USER_PATHS = NO;
				CLANG_ANALYZER_NONNULL = YES;
				CLANG_ANALYZER_NUMBER_OBJECT_CONVERSION = YES_AGGRESSIVE;
				CLANG_CXX_LANGUAGE_STANDARD = "gnu++17";
				CLANG_ENABLE_MODULES = YES;
				CLANG_ENABLE_OBJC_ARC = YES;
				CLANG_ENABLE_OBJC_WEAK = YES;
				CLANG_WARN_BLOCK_CAPTURE_AUTORELEASING = YES;
				CLANG_WARN_BOOL_CONVERSION = YES;
				CLANG_WARN_COMMA = YES;
				CLANG_WARN_CONSTANT_CONVERSION = YES;
				CLANG_WARN_DEPRECATED_OBJC_IMPLEMENTATIONS = YES;
				CLANG_WARN_DIRECT_OBJC_ISA_USAGE = YES_ERROR;
				CLANG_WARN_DOCUMENTATION_COMMENTS = YES;
				CLANG_WARN_EMPTY_BODY = YES;
				CLANG_WARN_ENUM_CONVERSION = YES;
				CLANG_WARN_INFINITE_RECURSION = YES;
				CLANG_WARN_INT_CONVERSION = YES;
				CLANG_WARN_NON_LITERAL_NULL_CONVERSION = YES;
				CLANG_WARN_OBJC_IMPLICIT_RETAIN_SELF = YES;
				CLANG_WARN_OBJC_LITERAL_CONVERSION = YES;
				CLANG_WARN_OBJC_ROOT_CLASS = YES_ERROR;
				CLANG_WARN_QUOTED_INCLUDE_IN_FRAMEWORK_HEADER = YES;
				CLANG_WARN_RANGE_LOOP_ANALYSIS = YES;
				CLANG_WARN_STRICT_PROTOTYPES = YES;
				CLANG_WARN_SUSPICIOUS_MOVE = YES;
				CLANG_WARN_UNGUARDED_AVAILABILITY = YES_AGGRESSIVE;
				CLANG_WARN_UNREACHABLE_CODE = YES;
				CLANG_WARN__DUPLICATE_METHOD_MATCH = YES;
				COPY_PHASE_STRIP = NO;
				DEBUG_INFORMATION_FORMAT = dwarf;
				ENABLE_STRICT_OBJC_MSGSEND = YES;
				ENABLE_TESTABILITY = YES;
				GCC_C_LANGUAGE_STANDARD = gnu11;
				GCC_DYNAMIC_NO_PIC = NO;
				GCC_NO_COMMON_BLOCKS = YES;
				GCC_OPTIMIZATION_LEVEL = 0;
				GCC_PREPROCESSOR_DEFINITIONS = (
					"DEBUG=1",
					"$(inherited)",
				);
				GCC_WARN_64_TO_32_BIT_CONVERSION = YES;
				GCC_WARN_ABOUT_RETURN_TYPE = YES_ERROR;
				GCC_WARN_UNDECLARED_SELECTOR = YES;
				GCC_WARN_UNINITIALIZED_AUTOS = YES_AGGRESSIVE;
				GCC_WARN_UNUSED_FUNCTION = YES;
				GCC_WARN_UNUSED_VARIABLE = YES;
				IPHONEOS_DEPLOYMENT_TARGET = 15.5;
				MTL_ENABLE_DEBUG_INFO = INCLUDE_SOURCE;
				MTL_FAST_MATH = YES;
				ONLY_ACTIVE_ARCH = YES;
				SDKROOT = iphoneos;
				SWIFT_ACTIVE_COMPILATION_CONDITIONS = DEBUG;
				SWIFT_OPTIMIZATION_LEVEL = "-Onone";
			};
			name = Debug;
		};
		AC44BD2E2850B49E004A8C2A /* Release */ = {
			isa = XCBuildConfiguration;
			buildSettings = {
				ALWAYS_SEARCH_USER_PATHS = NO;
				CLANG_ANALYZER_NONNULL = YES;
				CLANG_ANALYZER_NUMBER_OBJECT_CONVERSION = YES_AGGRESSIVE;
				CLANG_CXX_LANGUAGE_STANDARD = "gnu++17";
				CLANG_ENABLE_MODULES = YES;
				CLANG_ENABLE_OBJC_ARC = YES;
				CLANG_ENABLE_OBJC_WEAK = YES;
				CLANG_WARN_BLOCK_CAPTURE_AUTORELEASING = YES;
				CLANG_WARN_BOOL_CONVERSION = YES;
				CLANG_WARN_COMMA = YES;
				CLANG_WARN_CONSTANT_CONVERSION = YES;
				CLANG_WARN_DEPRECATED_OBJC_IMPLEMENTATIONS = YES;
				CLANG_WARN_DIRECT_OBJC_ISA_USAGE = YES_ERROR;
				CLANG_WARN_DOCUMENTATION_COMMENTS = YES;
				CLANG_WARN_EMPTY_BODY = YES;
				CLANG_WARN_ENUM_CONVERSION = YES;
				CLANG_WARN_INFINITE_RECURSION = YES;
				CLANG_WARN_INT_CONVERSION = YES;
				CLANG_WARN_NON_LITERAL_NULL_CONVERSION = YES;
				CLANG_WARN_OBJC_IMPLICIT_RETAIN_SELF = YES;
				CLANG_WARN_OBJC_LITERAL_CONVERSION = YES;
				CLANG_WARN_OBJC_ROOT_CLASS = YES_ERROR;
				CLANG_WARN_QUOTED_INCLUDE_IN_FRAMEWORK_HEADER = YES;
				CLANG_WARN_RANGE_LOOP_ANALYSIS = YES;
				CLANG_WARN_STRICT_PROTOTYPES = YES;
				CLANG_WARN_SUSPICIOUS_MOVE = YES;
				CLANG_WARN_UNGUARDED_AVAILABILITY = YES_AGGRESSIVE;
				CLANG_WARN_UNREACHABLE_CODE = YES;
				CLANG_WARN__DUPLICATE_METHOD_MATCH = YES;
				COPY_PHASE_STRIP = NO;
				DEBUG_INFORMATION_FORMAT = "dwarf-with-dsym";
				ENABLE_NS_ASSERTIONS = NO;
				ENABLE_STRICT_OBJC_MSGSEND = YES;
				GCC_C_LANGUAGE_STANDARD = gnu11;
				GCC_NO_COMMON_BLOCKS = YES;
				GCC_WARN_64_TO_32_BIT_CONVERSION = YES;
				GCC_WARN_ABOUT_RETURN_TYPE = YES_ERROR;
				GCC_WARN_UNDECLARED_SELECTOR = YES;
				GCC_WARN_UNINITIALIZED_AUTOS = YES_AGGRESSIVE;
				GCC_WARN_UNUSED_FUNCTION = YES;
				GCC_WARN_UNUSED_VARIABLE = YES;
				IPHONEOS_DEPLOYMENT_TARGET = 15.5;
				MTL_ENABLE_DEBUG_INFO = NO;
				MTL_FAST_MATH = YES;
				SDKROOT = iphoneos;
				SWIFT_COMPILATION_MODE = wholemodule;
				SWIFT_OPTIMIZATION_LEVEL = "-O";
				VALIDATE_PRODUCT = YES;
			};
			name = Release;
		};
		AC44BD302850B49E004A8C2A /* Debug */ = {
			isa = XCBuildConfiguration;
			buildSettings = {
				ASSETCATALOG_COMPILER_APPICON_NAME = AppIcon;
				ASSETCATALOG_COMPILER_GLOBAL_ACCENT_COLOR_NAME = AccentColor;
				CODE_SIGN_STYLE = Automatic;
				CURRENT_PROJECT_VERSION = 1;
				DEVELOPMENT_TEAM = VAW785THSY;
				GENERATE_INFOPLIST_FILE = YES;
				INFOPLIST_FILE = TripApp/Info.plist;
				INFOPLIST_KEY_UIApplicationSupportsIndirectInputEvents = YES;
				INFOPLIST_KEY_UILaunchStoryboardName = LaunchScreen;
				INFOPLIST_KEY_UIMainStoryboardFile = Main;
				INFOPLIST_KEY_UISupportedInterfaceOrientations = UIInterfaceOrientationPortrait;
				INFOPLIST_KEY_UISupportedInterfaceOrientations_iPad = "UIInterfaceOrientationPortrait UIInterfaceOrientationPortraitUpsideDown UIInterfaceOrientationLandscapeLeft UIInterfaceOrientationLandscapeRight";
				INFOPLIST_KEY_UISupportedInterfaceOrientations_iPhone = "UIInterfaceOrientationPortrait UIInterfaceOrientationLandscapeLeft UIInterfaceOrientationLandscapeRight";
				IPHONEOS_DEPLOYMENT_TARGET = 13.0;
				LD_RUNPATH_SEARCH_PATHS = (
					"$(inherited)",
					"@executable_path/Frameworks",
				);
				MARKETING_VERSION = 1.0;
				PRODUCT_BUNDLE_IDENTIFIER = TYomiCH.TripApp;
				PRODUCT_NAME = "$(TARGET_NAME)";
				SWIFT_EMIT_LOC_STRINGS = YES;
				SWIFT_VERSION = 5.0;
				TARGETED_DEVICE_FAMILY = 1;
			};
			name = Debug;
		};
		AC44BD312850B49E004A8C2A /* Release */ = {
			isa = XCBuildConfiguration;
			buildSettings = {
				ASSETCATALOG_COMPILER_APPICON_NAME = AppIcon;
				ASSETCATALOG_COMPILER_GLOBAL_ACCENT_COLOR_NAME = AccentColor;
				CODE_SIGN_STYLE = Automatic;
				CURRENT_PROJECT_VERSION = 1;
				DEVELOPMENT_TEAM = VAW785THSY;
				GENERATE_INFOPLIST_FILE = YES;
				INFOPLIST_FILE = TripApp/Info.plist;
				INFOPLIST_KEY_UIApplicationSupportsIndirectInputEvents = YES;
				INFOPLIST_KEY_UILaunchStoryboardName = LaunchScreen;
				INFOPLIST_KEY_UIMainStoryboardFile = Main;
				INFOPLIST_KEY_UISupportedInterfaceOrientations = UIInterfaceOrientationPortrait;
				INFOPLIST_KEY_UISupportedInterfaceOrientations_iPad = "UIInterfaceOrientationPortrait UIInterfaceOrientationPortraitUpsideDown UIInterfaceOrientationLandscapeLeft UIInterfaceOrientationLandscapeRight";
				INFOPLIST_KEY_UISupportedInterfaceOrientations_iPhone = "UIInterfaceOrientationPortrait UIInterfaceOrientationLandscapeLeft UIInterfaceOrientationLandscapeRight";
				IPHONEOS_DEPLOYMENT_TARGET = 13.0;
				LD_RUNPATH_SEARCH_PATHS = (
					"$(inherited)",
					"@executable_path/Frameworks",
				);
				MARKETING_VERSION = 1.0;
				PRODUCT_BUNDLE_IDENTIFIER = TYomiCH.TripApp;
				PRODUCT_NAME = "$(TARGET_NAME)";
				SWIFT_EMIT_LOC_STRINGS = YES;
				SWIFT_VERSION = 5.0;
				TARGETED_DEVICE_FAMILY = 1;
			};
			name = Release;
		};
/* End XCBuildConfiguration section */

/* Begin XCConfigurationList section */
		AC44BD162850B49B004A8C2A /* Build configuration list for PBXProject "TripApp" */ = {
			isa = XCConfigurationList;
			buildConfigurations = (
				AC44BD2D2850B49E004A8C2A /* Debug */,
				AC44BD2E2850B49E004A8C2A /* Release */,
			);
			defaultConfigurationIsVisible = 0;
			defaultConfigurationName = Release;
		};
		AC44BD2F2850B49E004A8C2A /* Build configuration list for PBXNativeTarget "TripApp" */ = {
			isa = XCConfigurationList;
			buildConfigurations = (
				AC44BD302850B49E004A8C2A /* Debug */,
				AC44BD312850B49E004A8C2A /* Release */,
			);
			defaultConfigurationIsVisible = 0;
			defaultConfigurationName = Release;
		};
/* End XCConfigurationList section */
	};
	rootObject = AC44BD132850B49B004A8C2A /* Project object */;
}
